
Microsoft Visual Studio Solution File, Format Version 12.00
# Visual Studio Version 17
VisualStudioVersion = 17.12.35707.178
MinimumVisualStudioVersion = 10.0.40219.1
Project("{FAE04EC0-301F-11D3-BF4B-00C04F79EFBC}") = "EmployeeAdminPortal", "EmployeeAdminPortal\EmployeeAdminPortal.csproj", "{52C57FEB-ECCB-4F2D-86F9-FD1D5C4C212C}"
EndProject
Project("{FAE04EC0-301F-11D3-BF4B-00C04F79EFBC}") = "EmployeeAdminPortal.IntegrationTests", "EmployeeAdminPortal.IntegrationTests\EmployeeAdminPortal.IntegrationTests.csproj", "{47752925-7AD2-4F44-AEE4-D1B71411D0F9}"
EndProject
Global
	GlobalSection(SolutionConfigurationPlatforms) = preSolution
		Debug|Any CPU = Debug|Any CPU
		Release|Any CPU = Release|Any CPU
	EndGlobalSection
	GlobalSection(ProjectConfigurationPlatforms) = postSolution
		{52C57FEB-ECCB-4F2D-86F9-FD1D5C4C212C}.Debug|Any CPU.ActiveCfg = Debug|Any CPU
		{52C57FEB-ECCB-4F2D-86F9-FD1D5C4C212C}.Debug|Any CPU.Build.0 = Debug|Any CPU
		{52C57FEB-ECCB-4F2D-86F9-FD1D5C4C212C}.Release|Any CPU.ActiveCfg = Release|Any CPU
		{52C57FEB-ECCB-4F2D-86F9-FD1D5C4C212C}.Release|Any CPU.Build.0 = Release|Any CPU
		{47752925-7AD2-4F44-AEE4-D1B71411D0F9}.Debug|Any CPU.ActiveCfg = Debug|Any CPU
		{47752925-7AD2-4F44-AEE4-D1B71411D0F9}.Debug|Any CPU.Build.0 = Debug|Any CPU
		{47752925-7AD2-4F44-AEE4-D1B71411D0F9}.Release|Any CPU.ActiveCfg = Release|Any CPU
		{47752925-7AD2-4F44-AEE4-D1B71411D0F9}.Release|Any CPU.Build.0 = Release|Any CPU
	EndGlobalSection
	GlobalSection(SolutionProperties) = preSolution
		HideSolutionNode = FALSE
	EndGlobalSection
EndGlobal
